// !$*UTF8*$!
{
	archiveVersion = 1;
	classes = {
	};
	objectVersion = 55;
	objects = {

/* Begin PBXBuildFile section */
		DAC8CA85275B3153005DDC3A /* AppDelegate.swift in Sources */ = {isa = PBXBuildFile; fileRef = DAC8CA84275B3153005DDC3A /* AppDelegate.swift */; };
		DAC8CA8C275B3153005DDC3A /* Main.storyboard in Resources */ = {isa = PBXBuildFile; fileRef = DAC8CA8A275B3153005DDC3A /* Main.storyboard */; };
		DAC8CA8E275B3153005DDC3A /* Assets.xcassets in Resources */ = {isa = PBXBuildFile; fileRef = DAC8CA8D275B3153005DDC3A /* Assets.xcassets */; };
		DAC8CA91275B3153005DDC3A /* LaunchScreen.storyboard in Resources */ = {isa = PBXBuildFile; fileRef = DAC8CA8F275B3153005DDC3A /* LaunchScreen.storyboard */; };
		DAC8CA9C275B3794005DDC3A /* MovieListViewController.swift in Sources */ = {isa = PBXBuildFile; fileRef = DAC8CA9A275B3794005DDC3A /* MovieListViewController.swift */; };
		DAC8CA9D275B3794005DDC3A /* MovieListViewController.xib in Resources */ = {isa = PBXBuildFile; fileRef = DAC8CA9B275B3794005DDC3A /* MovieListViewController.xib */; };
		DAC8CAA0275B3905005DDC3A /* Nibable.swift in Sources */ = {isa = PBXBuildFile; fileRef = DAC8CA9F275B3905005DDC3A /* Nibable.swift */; };
		DAC8CAA3275B4018005DDC3A /* URLs.swift in Sources */ = {isa = PBXBuildFile; fileRef = DAC8CAA2275B4018005DDC3A /* URLs.swift */; };
		DAC8CAA6275B40BD005DDC3A /* MovieModel.swift in Sources */ = {isa = PBXBuildFile; fileRef = DAC8CAA5275B40BD005DDC3A /* MovieModel.swift */; };
		DAC8CAA8275B40CB005DDC3A /* MovieDetails.swift in Sources */ = {isa = PBXBuildFile; fileRef = DAC8CAA7275B40CB005DDC3A /* MovieDetails.swift */; };
		DAC8CAAD275B47A4005DDC3A /* Configuration.swift in Sources */ = {isa = PBXBuildFile; fileRef = DAC8CAAC275B47A4005DDC3A /* Configuration.swift */; };
/* End PBXBuildFile section */

/* Begin PBXFileReference section */
		DAC8CA81275B3153005DDC3A /* Movie.app */ = {isa = PBXFileReference; explicitFileType = wrapper.application; includeInIndex = 0; path = Movie.app; sourceTree = BUILT_PRODUCTS_DIR; };
		DAC8CA84275B3153005DDC3A /* AppDelegate.swift */ = {isa = PBXFileReference; lastKnownFileType = sourcecode.swift; path = AppDelegate.swift; sourceTree = "<group>"; };
		DAC8CA8B275B3153005DDC3A /* Base */ = {isa = PBXFileReference; lastKnownFileType = file.storyboard; name = Base; path = Base.lproj/Main.storyboard; sourceTree = "<group>"; };
		DAC8CA8D275B3153005DDC3A /* Assets.xcassets */ = {isa = PBXFileReference; lastKnownFileType = folder.assetcatalog; path = Assets.xcassets; sourceTree = "<group>"; };
		DAC8CA90275B3153005DDC3A /* Base */ = {isa = PBXFileReference; lastKnownFileType = file.storyboard; name = Base; path = Base.lproj/LaunchScreen.storyboard; sourceTree = "<group>"; };
		DAC8CA92275B3153005DDC3A /* Info.plist */ = {isa = PBXFileReference; lastKnownFileType = text.plist.xml; path = Info.plist; sourceTree = "<group>"; };
		DAC8CA9A275B3794005DDC3A /* MovieListViewController.swift */ = {isa = PBXFileReference; lastKnownFileType = sourcecode.swift; path = MovieListViewController.swift; sourceTree = "<group>"; };
		DAC8CA9B275B3794005DDC3A /* MovieListViewController.xib */ = {isa = PBXFileReference; lastKnownFileType = file.xib; path = MovieListViewController.xib; sourceTree = "<group>"; };
		DAC8CA9F275B3905005DDC3A /* Nibable.swift */ = {isa = PBXFileReference; lastKnownFileType = sourcecode.swift; path = Nibable.swift; sourceTree = "<group>"; };
		DAC8CAA2275B4018005DDC3A /* URLs.swift */ = {isa = PBXFileReference; lastKnownFileType = sourcecode.swift; path = URLs.swift; sourceTree = "<group>"; };
		DAC8CAA5275B40BD005DDC3A /* MovieModel.swift */ = {isa = PBXFileReference; lastKnownFileType = sourcecode.swift; path = MovieModel.swift; sourceTree = "<group>"; };
		DAC8CAA7275B40CB005DDC3A /* MovieDetails.swift */ = {isa = PBXFileReference; lastKnownFileType = sourcecode.swift; path = MovieDetails.swift; sourceTree = "<group>"; };
		DAC8CAAA275B465A005DDC3A /* Debug.xcconfig */ = {isa = PBXFileReference; lastKnownFileType = text.xcconfig; path = Debug.xcconfig; sourceTree = "<group>"; };
		DAC8CAAB275B466B005DDC3A /* Release.xcconfig */ = {isa = PBXFileReference; lastKnownFileType = text.xcconfig; path = Release.xcconfig; sourceTree = "<group>"; };
		DAC8CAAC275B47A4005DDC3A /* Configuration.swift */ = {isa = PBXFileReference; lastKnownFileType = sourcecode.swift; path = Configuration.swift; sourceTree = "<group>"; };
/* End PBXFileReference section */

/* Begin PBXFrameworksBuildPhase section */
		DAC8CA7E275B3153005DDC3A /* Frameworks */ = {
			isa = PBXFrameworksBuildPhase;
			buildActionMask = 2147483647;
			files = (
			);
			runOnlyForDeploymentPostprocessing = 0;
		};
/* End PBXFrameworksBuildPhase section */

/* Begin PBXGroup section */
		DAC8CA78275B3153005DDC3A = {
			isa = PBXGroup;
			children = (
				DAC8CA83275B3153005DDC3A /* Movie */,
				DAC8CA82275B3153005DDC3A /* Products */,
			);
			sourceTree = "<group>";
		};
		DAC8CA82275B3153005DDC3A /* Products */ = {
			isa = PBXGroup;
			children = (
				DAC8CA81275B3153005DDC3A /* Movie.app */,
			);
			name = Products;
			sourceTree = "<group>";
		};
		DAC8CA83275B3153005DDC3A /* Movie */ = {
			isa = PBXGroup;
			children = (
				DAC8CAA9275B462D005DDC3A /* Config */,
				DAC8CAA4275B40AE005DDC3A /* Model */,
				DAC8CAA1275B3C09005DDC3A /* Service */,
				DAC8CA9E275B388B005DDC3A /* Common */,
				DAC8CA98275B3761005DDC3A /* ViewController */,
				DAC8CA84275B3153005DDC3A /* AppDelegate.swift */,
				DAC8CA8A275B3153005DDC3A /* Main.storyboard */,
				DAC8CA8D275B3153005DDC3A /* Assets.xcassets */,
				DAC8CA8F275B3153005DDC3A /* LaunchScreen.storyboard */,
				DAC8CA92275B3153005DDC3A /* Info.plist */,
			);
			path = Movie;
			sourceTree = "<group>";
		};
		DAC8CA98275B3761005DDC3A /* ViewController */ = {
			isa = PBXGroup;
			children = (
				DAC8CA99275B376D005DDC3A /* MovieList */,
			);
			path = ViewController;
			sourceTree = "<group>";
		};
		DAC8CA99275B376D005DDC3A /* MovieList */ = {
			isa = PBXGroup;
			children = (
				DAC8CA9A275B3794005DDC3A /* MovieListViewController.swift */,
				DAC8CA9B275B3794005DDC3A /* MovieListViewController.xib */,
			);
			path = MovieList;
			sourceTree = "<group>";
		};
		DAC8CA9E275B388B005DDC3A /* Common */ = {
			isa = PBXGroup;
			children = (
				DAC8CA9F275B3905005DDC3A /* Nibable.swift */,
			);
			path = Common;
			sourceTree = "<group>";
		};
		DAC8CAA1275B3C09005DDC3A /* Service */ = {
			isa = PBXGroup;
			children = (
				DAC8CAA2275B4018005DDC3A /* URLs.swift */,
			);
			path = Service;
			sourceTree = "<group>";
		};
		DAC8CAA4275B40AE005DDC3A /* Model */ = {
			isa = PBXGroup;
			children = (
				DAC8CAA5275B40BD005DDC3A /* MovieModel.swift */,
				DAC8CAA7275B40CB005DDC3A /* MovieDetails.swift */,
			);
			path = Model;
			sourceTree = "<group>";
		};
		DAC8CAA9275B462D005DDC3A /* Config */ = {
			isa = PBXGroup;
			children = (
				DAC8CAAA275B465A005DDC3A /* Debug.xcconfig */,
				DAC8CAAB275B466B005DDC3A /* Release.xcconfig */,
				DAC8CAAC275B47A4005DDC3A /* Configuration.swift */,
			);
			path = Config;
			sourceTree = "<group>";
		};
/* End PBXGroup section */

/* Begin PBXNativeTarget section */
		DAC8CA80275B3153005DDC3A /* Movie */ = {
			isa = PBXNativeTarget;
			buildConfigurationList = DAC8CA95275B3153005DDC3A /* Build configuration list for PBXNativeTarget "Movie" */;
			buildPhases = (
				DAC8CA7D275B3153005DDC3A /* Sources */,
				DAC8CA7E275B3153005DDC3A /* Frameworks */,
				DAC8CA7F275B3153005DDC3A /* Resources */,
			);
			buildRules = (
			);
			dependencies = (
			);
			name = Movie;
			productName = Movie;
			productReference = DAC8CA81275B3153005DDC3A /* Movie.app */;
			productType = "com.apple.product-type.application";
		};
/* End PBXNativeTarget section */

/* Begin PBXProject section */
		DAC8CA79275B3153005DDC3A /* Project object */ = {
			isa = PBXProject;
			attributes = {
				BuildIndependentTargetsInParallel = 1;
				LastSwiftUpdateCheck = 1300;
				LastUpgradeCheck = 1300;
				TargetAttributes = {
					DAC8CA80275B3153005DDC3A = {
						CreatedOnToolsVersion = 13.0;
					};
				};
			};
			buildConfigurationList = DAC8CA7C275B3153005DDC3A /* Build configuration list for PBXProject "Movie" */;
			compatibilityVersion = "Xcode 13.0";
			developmentRegion = en;
			hasScannedForEncodings = 0;
			knownRegions = (
				en,
				Base,
			);
			mainGroup = DAC8CA78275B3153005DDC3A;
			productRefGroup = DAC8CA82275B3153005DDC3A /* Products */;
			projectDirPath = "";
			projectRoot = "";
			targets = (
				DAC8CA80275B3153005DDC3A /* Movie */,
			);
		};
/* End PBXProject section */

/* Begin PBXResourcesBuildPhase section */
		DAC8CA7F275B3153005DDC3A /* Resources */ = {
			isa = PBXResourcesBuildPhase;
			buildActionMask = 2147483647;
			files = (
				DAC8CA91275B3153005DDC3A /* LaunchScreen.storyboard in Resources */,
				DAC8CA8E275B3153005DDC3A /* Assets.xcassets in Resources */,
				DAC8CA8C275B3153005DDC3A /* Main.storyboard in Resources */,
				DAC8CA9D275B3794005DDC3A /* MovieListViewController.xib in Resources */,
			);
			runOnlyForDeploymentPostprocessing = 0;
		};
/* End PBXResourcesBuildPhase section */

/* Begin PBXSourcesBuildPhase section */
		DAC8CA7D275B3153005DDC3A /* Sources */ = {
			isa = PBXSourcesBuildPhase;
			buildActionMask = 2147483647;
			files = (
				DAC8CA85275B3153005DDC3A /* AppDelegate.swift in Sources */,
				DAC8CAA0275B3905005DDC3A /* Nibable.swift in Sources */,
				DAC8CAAD275B47A4005DDC3A /* Configuration.swift in Sources */,
				DAC8CAA6275B40BD005DDC3A /* MovieModel.swift in Sources */,
				DAC8CA9C275B3794005DDC3A /* MovieListViewController.swift in Sources */,
				DAC8CAA3275B4018005DDC3A /* URLs.swift in Sources */,
				DAC8CAA8275B40CB005DDC3A /* MovieDetails.swift in Sources */,
			);
			runOnlyForDeploymentPostprocessing = 0;
		};
/* End PBXSourcesBuildPhase section */

/* Begin PBXVariantGroup section */
		DAC8CA8A275B3153005DDC3A /* Main.storyboard */ = {
			isa = PBXVariantGroup;
			children = (
				DAC8CA8B275B3153005DDC3A /* Base */,
			);
			name = Main.storyboard;
			sourceTree = "<group>";
		};
		DAC8CA8F275B3153005DDC3A /* LaunchScreen.storyboard */ = {
			isa = PBXVariantGroup;
			children = (
				DAC8CA90275B3153005DDC3A /* Base */,
			);
			name = LaunchScreen.storyboard;
			sourceTree = "<group>";
		};
/* End PBXVariantGroup section */

/* Begin XCBuildConfiguration section */
		DAC8CA93275B3153005DDC3A /* Debug */ = {
			isa = XCBuildConfiguration;
			baseConfigurationReference = DAC8CAAA275B465A005DDC3A /* Debug.xcconfig */;
			buildSettings = {
				ALWAYS_SEARCH_USER_PATHS = NO;
				CLANG_ANALYZER_NONNULL = YES;
				CLANG_ANALYZER_NUMBER_OBJECT_CONVERSION = YES_AGGRESSIVE;
				CLANG_CXX_LANGUAGE_STANDARD = "gnu++17";
				CLANG_CXX_LIBRARY = "libc++";
				CLANG_ENABLE_MODULES = YES;
				CLANG_ENABLE_OBJC_ARC = YES;
				CLANG_ENABLE_OBJC_WEAK = YES;
				CLANG_WARN_BLOCK_CAPTURE_AUTORELEASING = YES;
				CLANG_WARN_BOOL_CONVERSION = YES;
				CLANG_WARN_COMMA = YES;
				CLANG_WARN_CONSTANT_CONVERSION = YES;
				CLANG_WARN_DEPRECATED_OBJC_IMPLEMENTATIONS = YES;
				CLANG_WARN_DIRECT_OBJC_ISA_USAGE = YES_ERROR;
				CLANG_WARN_DOCUMENTATION_COMMENTS = YES;
				CLANG_WARN_EMPTY_BODY = YES;
				CLANG_WARN_ENUM_CONVERSION = YES;
				CLANG_WARN_INFINITE_RECURSION = YES;
				CLANG_WARN_INT_CONVERSION = YES;
				CLANG_WARN_NON_LITERAL_NULL_CONVERSION = YES;
				CLANG_WARN_OBJC_IMPLICIT_RETAIN_SELF = YES;
				CLANG_WARN_OBJC_LITERAL_CONVERSION = YES;
				CLANG_WARN_OBJC_ROOT_CLASS = YES_ERROR;
				CLANG_WARN_QUOTED_INCLUDE_IN_FRAMEWORK_HEADER = YES;
				CLANG_WARN_RANGE_LOOP_ANALYSIS = YES;
				CLANG_WARN_STRICT_PROTOTYPES = YES;
				CLANG_WARN_SUSPICIOUS_MOVE = YES;
				CLANG_WARN_UNGUARDED_AVAILABILITY = YES_AGGRESSIVE;
				CLANG_WARN_UNREACHABLE_CODE = YES;
				CLANG_WARN__DUPLICATE_METHOD_MATCH = YES;
				COPY_PHASE_STRIP = NO;
				DEBUG_INFORMATION_FORMAT = dwarf;
				ENABLE_STRICT_OBJC_MSGSEND = YES;
				ENABLE_TESTABILITY = YES;
				GCC_C_LANGUAGE_STANDARD = gnu11;
				GCC_DYNAMIC_NO_PIC = NO;
				GCC_NO_COMMON_BLOCKS = YES;
				GCC_OPTIMIZATION_LEVEL = 0;
				GCC_PREPROCESSOR_DEFINITIONS = (
					"DEBUG=1",
					"$(inherited)",
				);
				GCC_WARN_64_TO_32_BIT_CONVERSION = YES;
				GCC_WARN_ABOUT_RETURN_TYPE = YES_ERROR;
				GCC_WARN_UNDECLARED_SELECTOR = YES;
				GCC_WARN_UNINITIALIZED_AUTOS = YES_AGGRESSIVE;
				GCC_WARN_UNUSED_FUNCTION = YES;
				GCC_WARN_UNUSED_VARIABLE = YES;
				IPHONEOS_DEPLOYMENT_TARGET = 15.0;
				MTL_ENABLE_DEBUG_INFO = INCLUDE_SOURCE;
				MTL_FAST_MATH = YES;
				ONLY_ACTIVE_ARCH = YES;
				SDKROOT = iphoneos;
				SWIFT_ACTIVE_COMPILATION_CONDITIONS = DEBUG;
				SWIFT_OPTIMIZATION_LEVEL = "-Onone";
			};
			name = Debug;
		};
		DAC8CA94275B3153005DDC3A /* Release */ = {
			isa = XCBuildConfiguration;
			baseConfigurationReference = DAC8CAAB275B466B005DDC3A /* Release.xcconfig */;
			buildSettings = {
				ALWAYS_SEARCH_USER_PATHS = NO;
				CLANG_ANALYZER_NONNULL = YES;
				CLANG_ANALYZER_NUMBER_OBJECT_CONVERSION = YES_AGGRESSIVE;
				CLANG_CXX_LANGUAGE_STANDARD = "gnu++17";
				CLANG_CXX_LIBRARY = "libc++";
				CLANG_ENABLE_MODULES = YES;
				CLANG_ENABLE_OBJC_ARC = YES;
				CLANG_ENABLE_OBJC_WEAK = YES;
				CLANG_WARN_BLOCK_CAPTURE_AUTORELEASING = YES;
				CLANG_WARN_BOOL_CONVERSION = YES;
				CLANG_WARN_COMMA = YES;
				CLANG_WARN_CONSTANT_CONVERSION = YES;
				CLANG_WARN_DEPRECATED_OBJC_IMPLEMENTATIONS = YES;
				CLANG_WARN_DIRECT_OBJC_ISA_USAGE = YES_ERROR;
				CLANG_WARN_DOCUMENTATION_COMMENTS = YES;
				CLANG_WARN_EMPTY_BODY = YES;
				CLANG_WARN_ENUM_CONVERSION = YES;
				CLANG_WARN_INFINITE_RECURSION = YES;
				CLANG_WARN_INT_CONVERSION = YES;
				CLANG_WARN_NON_LITERAL_NULL_CONVERSION = YES;
				CLANG_WARN_OBJC_IMPLICIT_RETAIN_SELF = YES;
				CLANG_WARN_OBJC_LITERAL_CONVERSION = YES;
				CLANG_WARN_OBJC_ROOT_CLASS = YES_ERROR;
				CLANG_WARN_QUOTED_INCLUDE_IN_FRAMEWORK_HEADER = YES;
				CLANG_WARN_RANGE_LOOP_ANALYSIS = YES;
				CLANG_WARN_STRICT_PROTOTYPES = YES;
				CLANG_WARN_SUSPICIOUS_MOVE = YES;
				CLANG_WARN_UNGUARDED_AVAILABILITY = YES_AGGRESSIVE;
				CLANG_WARN_UNREACHABLE_CODE = YES;
				CLANG_WARN__DUPLICATE_METHOD_MATCH = YES;
				COPY_PHASE_STRIP = NO;
				DEBUG_INFORMATION_FORMAT = "dwarf-with-dsym";
				ENABLE_NS_ASSERTIONS = NO;
				ENABLE_STRICT_OBJC_MSGSEND = YES;
				GCC_C_LANGUAGE_STANDARD = gnu11;
				GCC_NO_COMMON_BLOCKS = YES;
				GCC_WARN_64_TO_32_BIT_CONVERSION = YES;
				GCC_WARN_ABOUT_RETURN_TYPE = YES_ERROR;
				GCC_WARN_UNDECLARED_SELECTOR = YES;
				GCC_WARN_UNINITIALIZED_AUTOS = YES_AGGRESSIVE;
				GCC_WARN_UNUSED_FUNCTION = YES;
				GCC_WARN_UNUSED_VARIABLE = YES;
				IPHONEOS_DEPLOYMENT_TARGET = 15.0;
				MTL_ENABLE_DEBUG_INFO = NO;
				MTL_FAST_MATH = YES;
				SDKROOT = iphoneos;
				SWIFT_COMPILATION_MODE = wholemodule;
				SWIFT_OPTIMIZATION_LEVEL = "-O";
				VALIDATE_PRODUCT = YES;
			};
			name = Release;
		};
		DAC8CA96275B3153005DDC3A /* Debug */ = {
			isa = XCBuildConfiguration;
			buildSettings = {
				ASSETCATALOG_COMPILER_APPICON_NAME = AppIcon;
				ASSETCATALOG_COMPILER_GLOBAL_ACCENT_COLOR_NAME = AccentColor;
				CODE_SIGN_STYLE = Automatic;
				CURRENT_PROJECT_VERSION = 1;
				DEVELOPMENT_TEAM = T5727FWKT4;
				GENERATE_INFOPLIST_FILE = YES;
				INFOPLIST_FILE = Movie/Info.plist;
				INFOPLIST_KEY_UIApplicationSupportsIndirectInputEvents = YES;
				INFOPLIST_KEY_UILaunchStoryboardName = LaunchScreen;
				INFOPLIST_KEY_UIMainStoryboardFile = Main;
				INFOPLIST_KEY_UISupportedInterfaceOrientations = UIInterfaceOrientationPortrait;
				INFOPLIST_KEY_UISupportedInterfaceOrientations_iPad = "UIInterfaceOrientationPortrait UIInterfaceOrientationPortraitUpsideDown UIInterfaceOrientationLandscapeLeft UIInterfaceOrientationLandscapeRight";
				INFOPLIST_KEY_UISupportedInterfaceOrientations_iPhone = "UIInterfaceOrientationPortrait UIInterfaceOrientationLandscapeLeft UIInterfaceOrientationLandscapeRight";
				IPHONEOS_DEPLOYMENT_TARGET = 13.0;
				LD_RUNPATH_SEARCH_PATHS = (
					"$(inherited)",
					"@executable_path/Frameworks",
				);
				MARKETING_VERSION = 1.0;
				PRODUCT_BUNDLE_IDENTIFIER = com.challenging.movie.Movie;
				PRODUCT_NAME = "$(TARGET_NAME)";
				SWIFT_EMIT_LOC_STRINGS = YES;
				SWIFT_VERSION = 5.0;
				TARGETED_DEVICE_FAMILY = 1;
			};
			name = Debug;
		};
		DAC8CA97275B3153005DDC3A /* Release */ = {
			isa = XCBuildConfiguration;
			buildSettings = {
				ASSETCATALOG_COMPILER_APPICON_NAME = AppIcon;
				ASSETCATALOG_COMPILER_GLOBAL_ACCENT_COLOR_NAME = AccentColor;
				CODE_SIGN_STYLE = Automatic;
				CURRENT_PROJECT_VERSION = 1;
				DEVELOPMENT_TEAM = T5727FWKT4;
				GENERATE_INFOPLIST_FILE = YES;
				INFOPLIST_FILE = Movie/Info.plist;
				INFOPLIST_KEY_UIApplicationSupportsIndirectInputEvents = YES;
				INFOPLIST_KEY_UILaunchStoryboardName = LaunchScreen;
				INFOPLIST_KEY_UIMainStoryboardFile = Main;
				INFOPLIST_KEY_UISupportedInterfaceOrientations = UIInterfaceOrientationPortrait;
				INFOPLIST_KEY_UISupportedInterfaceOrientations_iPad = "UIInterfaceOrientationPortrait UIInterfaceOrientationPortraitUpsideDown UIInterfaceOrientationLandscapeLeft UIInterfaceOrientationLandscapeRight";
				INFOPLIST_KEY_UISupportedInterfaceOrientations_iPhone = "UIInterfaceOrientationPortrait UIInterfaceOrientationLandscapeLeft UIInterfaceOrientationLandscapeRight";
				IPHONEOS_DEPLOYMENT_TARGET = 13.0;
				LD_RUNPATH_SEARCH_PATHS = (
					"$(inherited)",
					"@executable_path/Frameworks",
				);
				MARKETING_VERSION = 1.0;
				PRODUCT_BUNDLE_IDENTIFIER = com.challenging.movie.Movie;
				PRODUCT_NAME = "$(TARGET_NAME)";
				SWIFT_EMIT_LOC_STRINGS = YES;
				SWIFT_VERSION = 5.0;
				TARGETED_DEVICE_FAMILY = 1;
			};
			name = Release;
		};
/* End XCBuildConfiguration section */

/* Begin XCConfigurationList section */
		DAC8CA7C275B3153005DDC3A /* Build configuration list for PBXProject "Movie" */ = {
			isa = XCConfigurationList;
			buildConfigurations = (
				DAC8CA93275B3153005DDC3A /* Debug */,
				DAC8CA94275B3153005DDC3A /* Release */,
			);
			defaultConfigurationIsVisible = 0;
			defaultConfigurationName = Release;
		};
		DAC8CA95275B3153005DDC3A /* Build configuration list for PBXNativeTarget "Movie" */ = {
			isa = XCConfigurationList;
			buildConfigurations = (
				DAC8CA96275B3153005DDC3A /* Debug */,
				DAC8CA97275B3153005DDC3A /* Release */,
			);
			defaultConfigurationIsVisible = 0;
			defaultConfigurationName = Release;
		};
/* End XCConfigurationList section */
	};
	rootObject = DAC8CA79275B3153005DDC3A /* Project object */;
}
